// !$*UTF8*$!
{
	archiveVersion = 1;
	classes = {
	};
	objectVersion = 55;
	objects = {

/* Begin PBXBuildFile section */
		0C7C06D62A22949400812D55 /* TestApp2305App.swift in Sources */ = {isa = PBXBuildFile; fileRef = 0C7C06D52A22949400812D55 /* TestApp2305App.swift */; };
		0C7C06D82A22949400812D55 /* ContentView.swift in Sources */ = {isa = PBXBuildFile; fileRef = 0C7C06D72A22949400812D55 /* ContentView.swift */; };
		0C7C06DA2A22949500812D55 /* Assets.xcassets in Resources */ = {isa = PBXBuildFile; fileRef = 0C7C06D92A22949500812D55 /* Assets.xcassets */; };
		0C7C06DD2A22949500812D55 /* Preview Assets.xcassets in Resources */ = {isa = PBXBuildFile; fileRef = 0C7C06DC2A22949500812D55 /* Preview Assets.xcassets */; };
		0C7C06E62A22BB9700812D55 /* CostButton.swift in Sources */ = {isa = PBXBuildFile; fileRef = 0C7C06E52A22BB9700812D55 /* CostButton.swift */; };
		0C7C06E82A22BBA800812D55 /* FloorTypeButton.swift in Sources */ = {isa = PBXBuildFile; fileRef = 0C7C06E72A22BBA800812D55 /* FloorTypeButton.swift */; };
		0C7C06EA2A22BBBA00812D55 /* MapView.swift in Sources */ = {isa = PBXBuildFile; fileRef = 0C7C06E92A22BBBA00812D55 /* MapView.swift */; };
		C3826E23FA7C78C89C66ED5B /* Pods_TestApp2305.framework in Frameworks */ = {isa = PBXBuildFile; fileRef = 7D9410C0031437F5CB4CB345 /* Pods_TestApp2305.framework */; };
/* End PBXBuildFile section */

/* Begin PBXFileReference section */
		0C7C06D22A22949400812D55 /* TestApp2305.app */ = {isa = PBXFileReference; explicitFileType = wrapper.application; includeInIndex = 0; path = TestApp2305.app; sourceTree = BUILT_PRODUCTS_DIR; };
		0C7C06D52A22949400812D55 /* TestApp2305App.swift */ = {isa = PBXFileReference; lastKnownFileType = sourcecode.swift; path = TestApp2305App.swift; sourceTree = "<group>"; };
		0C7C06D72A22949400812D55 /* ContentView.swift */ = {isa = PBXFileReference; lastKnownFileType = sourcecode.swift; path = ContentView.swift; sourceTree = "<group>"; };
		0C7C06D92A22949500812D55 /* Assets.xcassets */ = {isa = PBXFileReference; lastKnownFileType = folder.assetcatalog; path = Assets.xcassets; sourceTree = "<group>"; };
		0C7C06DC2A22949500812D55 /* Preview Assets.xcassets */ = {isa = PBXFileReference; lastKnownFileType = folder.assetcatalog; path = "Preview Assets.xcassets"; sourceTree = "<group>"; };
		0C7C06E52A22BB9700812D55 /* CostButton.swift */ = {isa = PBXFileReference; fileEncoding = 4; lastKnownFileType = sourcecode.swift; name = CostButton.swift; path = ../../../../RentMapApp3/RentMapApp3/CostButton.swift; sourceTree = "<group>"; };
		0C7C06E72A22BBA800812D55 /* FloorTypeButton.swift */ = {isa = PBXFileReference; fileEncoding = 4; lastKnownFileType = sourcecode.swift; name = FloorTypeButton.swift; path = ../../../../RentMapApp3/RentMapApp3/FloorTypeButton.swift; sourceTree = "<group>"; };
		0C7C06E92A22BBBA00812D55 /* MapView.swift */ = {isa = PBXFileReference; fileEncoding = 4; lastKnownFileType = sourcecode.swift; name = MapView.swift; path = ../../../RentMapApp3/RentMapApp3/MapView.swift; sourceTree = "<group>"; };
		7D9410C0031437F5CB4CB345 /* Pods_TestApp2305.framework */ = {isa = PBXFileReference; explicitFileType = wrapper.framework; includeInIndex = 0; path = Pods_TestApp2305.framework; sourceTree = BUILT_PRODUCTS_DIR; };
		8F5A8EAB640E6192757F437A /* Pods-TestApp2305.debug.xcconfig */ = {isa = PBXFileReference; includeInIndex = 1; lastKnownFileType = text.xcconfig; name = "Pods-TestApp2305.debug.xcconfig"; path = "Target Support Files/Pods-TestApp2305/Pods-TestApp2305.debug.xcconfig"; sourceTree = "<group>"; };
		A4B764C9A3876C761EF538DB /* Pods-TestApp2305.release.xcconfig */ = {isa = PBXFileReference; includeInIndex = 1; lastKnownFileType = text.xcconfig; name = "Pods-TestApp2305.release.xcconfig"; path = "Target Support Files/Pods-TestApp2305/Pods-TestApp2305.release.xcconfig"; sourceTree = "<group>"; };
/* End PBXFileReference section */

/* Begin PBXFrameworksBuildPhase section */
		0C7C06CF2A22949400812D55 /* Frameworks */ = {
			isa = PBXFrameworksBuildPhase;
			buildActionMask = 2147483647;
			files = (
				C3826E23FA7C78C89C66ED5B /* Pods_TestApp2305.framework in Frameworks */,
			);
			runOnlyForDeploymentPostprocessing = 0;
		};
/* End PBXFrameworksBuildPhase section */

/* Begin PBXGroup section */
		0C7C06C92A22949400812D55 = {
			isa = PBXGroup;
			children = (
				0C7C06D42A22949400812D55 /* TestApp2305 */,
				0C7C06D32A22949400812D55 /* Products */,
				19A25A33E2C463A215148E3D /* Pods */,
				E02BAC37DCE4A708947D6E0D /* Frameworks */,
			);
			sourceTree = "<group>";
		};
		0C7C06D32A22949400812D55 /* Products */ = {
			isa = PBXGroup;
			children = (
				0C7C06D22A22949400812D55 /* TestApp2305.app */,
			);
			name = Products;
			sourceTree = "<group>";
		};
		0C7C06D42A22949400812D55 /* TestApp2305 */ = {
			isa = PBXGroup;
			children = (
				0C7C06E32A22BB4500812D55 /* UI */,
				0C7C06D52A22949400812D55 /* TestApp2305App.swift */,
				0C7C06D72A22949400812D55 /* ContentView.swift */,
				0C7C06D92A22949500812D55 /* Assets.xcassets */,
				0C7C06DB2A22949500812D55 /* Preview Content */,
			);
			path = TestApp2305;
			sourceTree = "<group>";
		};
		0C7C06DB2A22949500812D55 /* Preview Content */ = {
			isa = PBXGroup;
			children = (
				0C7C06DC2A22949500812D55 /* Preview Assets.xcassets */,
			);
			path = "Preview Content";
			sourceTree = "<group>";
		};
		0C7C06E32A22BB4500812D55 /* UI */ = {
			isa = PBXGroup;
			children = (
				0C7C06E92A22BBBA00812D55 /* MapView.swift */,
				0C7C06E42A22BB6400812D55 /* SelectView */,
			);
			path = UI;
			sourceTree = "<group>";
		};
		0C7C06E42A22BB6400812D55 /* SelectView */ = {
			isa = PBXGroup;
			children = (
				0C7C06E52A22BB9700812D55 /* CostButton.swift */,
				0C7C06E72A22BBA800812D55 /* FloorTypeButton.swift */,
			);
			path = SelectView;
			sourceTree = "<group>";
		};
		19A25A33E2C463A215148E3D /* Pods */ = {
			isa = PBXGroup;
			children = (
				8F5A8EAB640E6192757F437A /* Pods-TestApp2305.debug.xcconfig */,
				A4B764C9A3876C761EF538DB /* Pods-TestApp2305.release.xcconfig */,
			);
			path = Pods;
			sourceTree = "<group>";
		};
		E02BAC37DCE4A708947D6E0D /* Frameworks */ = {
			isa = PBXGroup;
			children = (
				7D9410C0031437F5CB4CB345 /* Pods_TestApp2305.framework */,
			);
			name = Frameworks;
			sourceTree = "<group>";
		};
/* End PBXGroup section */

/* Begin PBXNativeTarget section */
		0C7C06D12A22949400812D55 /* TestApp2305 */ = {
			isa = PBXNativeTarget;
			buildConfigurationList = 0C7C06E02A22949500812D55 /* Build configuration list for PBXNativeTarget "TestApp2305" */;
			buildPhases = (
				3B944D38AF43C4238DDA0C92 /* [CP] Check Pods Manifest.lock */,
				0C7C06CE2A22949400812D55 /* Sources */,
				0C7C06CF2A22949400812D55 /* Frameworks */,
				0C7C06D02A22949400812D55 /* Resources */,
				CA6990014A54359256D4E171 /* [CP] Embed Pods Frameworks */,
			);
			buildRules = (
			);
			dependencies = (
			);
			name = TestApp2305;
			productName = TestApp2305;
			productReference = 0C7C06D22A22949400812D55 /* TestApp2305.app */;
			productType = "com.apple.product-type.application";
		};
/* End PBXNativeTarget section */

/* Begin PBXProject section */
		0C7C06CA2A22949400812D55 /* Project object */ = {
			isa = PBXProject;
			attributes = {
				BuildIndependentTargetsInParallel = 1;
				LastSwiftUpdateCheck = 1320;
				LastUpgradeCheck = 1320;
				TargetAttributes = {
					0C7C06D12A22949400812D55 = {
						CreatedOnToolsVersion = 13.2.1;
					};
				};
			};
			buildConfigurationList = 0C7C06CD2A22949400812D55 /* Build configuration list for PBXProject "TestApp2305" */;
			compatibilityVersion = "Xcode 13.0";
			developmentRegion = en;
			hasScannedForEncodings = 0;
			knownRegions = (
				en,
				Base,
			);
			mainGroup = 0C7C06C92A22949400812D55;
			productRefGroup = 0C7C06D32A22949400812D55 /* Products */;
			projectDirPath = "";
			projectRoot = "";
			targets = (
				0C7C06D12A22949400812D55 /* TestApp2305 */,
			);
		};
/* End PBXProject section */

/* Begin PBXResourcesBuildPhase section */
		0C7C06D02A22949400812D55 /* Resources */ = {
			isa = PBXResourcesBuildPhase;
			buildActionMask = 2147483647;
			files = (
				0C7C06DD2A22949500812D55 /* Preview Assets.xcassets in Resources */,
				0C7C06DA2A22949500812D55 /* Assets.xcassets in Resources */,
			);
			runOnlyForDeploymentPostprocessing = 0;
		};
/* End PBXResourcesBuildPhase section */

/* Begin PBXShellScriptBuildPhase section */
		3B944D38AF43C4238DDA0C92 /* [CP] Check Pods Manifest.lock */ = {
			isa = PBXShellScriptBuildPhase;
			buildActionMask = 2147483647;
			files = (
			);
			inputFileListPaths = (
			);
			inputPaths = (
				"${PODS_PODFILE_DIR_PATH}/Podfile.lock",
				"${PODS_ROOT}/Manifest.lock",
			);
			name = "[CP] Check Pods Manifest.lock";
			outputFileListPaths = (
			);
			outputPaths = (
				"$(DERIVED_FILE_DIR)/Pods-TestApp2305-checkManifestLockResult.txt",
			);
			runOnlyForDeploymentPostprocessing = 0;
			shellPath = /bin/sh;
			shellScript = "diff \"${PODS_PODFILE_DIR_PATH}/Podfile.lock\" \"${PODS_ROOT}/Manifest.lock\" > /dev/null\nif [ $? != 0 ] ; then\n    # print error to STDERR\n    echo \"error: The sandbox is not in sync with the Podfile.lock. Run 'pod install' or update your CocoaPods installation.\" >&2\n    exit 1\nfi\n# This output is used by Xcode 'outputs' to avoid re-running this script phase.\necho \"SUCCESS\" > \"${SCRIPT_OUTPUT_FILE_0}\"\n";
			showEnvVarsInLog = 0;
		};
		CA6990014A54359256D4E171 /* [CP] Embed Pods Frameworks */ = {
			isa = PBXShellScriptBuildPhase;
			buildActionMask = 2147483647;
			files = (
			);
			inputFileListPaths = (
				"${PODS_ROOT}/Target Support Files/Pods-TestApp2305/Pods-TestApp2305-frameworks-${CONFIGURATION}-input-files.xcfilelist",
			);
			name = "[CP] Embed Pods Frameworks";
			outputFileListPaths = (
				"${PODS_ROOT}/Target Support Files/Pods-TestApp2305/Pods-TestApp2305-frameworks-${CONFIGURATION}-output-files.xcfilelist",
			);
			runOnlyForDeploymentPostprocessing = 0;
			shellPath = /bin/sh;
			shellScript = "\"${PODS_ROOT}/Target Support Files/Pods-TestApp2305/Pods-TestApp2305-frameworks.sh\"\n";
			showEnvVarsInLog = 0;
		};
/* End PBXShellScriptBuildPhase section */

/* Begin PBXSourcesBuildPhase section */
		0C7C06CE2A22949400812D55 /* Sources */ = {
			isa = PBXSourcesBuildPhase;
			buildActionMask = 2147483647;
			files = (
				0C7C06E82A22BBA800812D55 /* FloorTypeButton.swift in Sources */,
				0C7C06D82A22949400812D55 /* ContentView.swift in Sources */,
				0C7C06EA2A22BBBA00812D55 /* MapView.swift in Sources */,
				0C7C06E62A22BB9700812D55 /* CostButton.swift in Sources */,
				0C7C06D62A22949400812D55 /* TestApp2305App.swift in Sources */,
			);
			runOnlyForDeploymentPostprocessing = 0;
		};
/* End PBXSourcesBuildPhase section */

/* Begin XCBuildConfiguration section */
		0C7C06DE2A22949500812D55 /* Debug */ = {
			isa = XCBuildConfiguration;
			buildSettings = {
				ALWAYS_SEARCH_USER_PATHS = NO;
				CLANG_ANALYZER_NONNULL = YES;
				CLANG_ANALYZER_NUMBER_OBJECT_CONVERSION = YES_AGGRESSIVE;
				CLANG_CXX_LANGUAGE_STANDARD = "gnu++17";
				CLANG_CXX_LIBRARY = "libc++";
				CLANG_ENABLE_MODULES = YES;
				CLANG_ENABLE_OBJC_ARC = YES;
				CLANG_ENABLE_OBJC_WEAK = YES;
				CLANG_WARN_BLOCK_CAPTURE_AUTORELEASING = YES;
				CLANG_WARN_BOOL_CONVERSION = YES;
				CLANG_WARN_COMMA = YES;
				CLANG_WARN_CONSTANT_CONVERSION = YES;
				CLANG_WARN_DEPRECATED_OBJC_IMPLEMENTATIONS = YES;
				CLANG_WARN_DIRECT_OBJC_ISA_USAGE = YES_ERROR;
				CLANG_WARN_DOCUMENTATION_COMMENTS = YES;
				CLANG_WARN_EMPTY_BODY = YES;
				CLANG_WARN_ENUM_CONVERSION = YES;
				CLANG_WARN_INFINITE_RECURSION = YES;
				CLANG_WARN_INT_CONVERSION = YES;
				CLANG_WARN_NON_LITERAL_NULL_CONVERSION = YES;
				CLANG_WARN_OBJC_IMPLICIT_RETAIN_SELF = YES;
				CLANG_WARN_OBJC_LITERAL_CONVERSION = YES;
				CLANG_WARN_OBJC_ROOT_CLASS = YES_ERROR;
				CLANG_WARN_QUOTED_INCLUDE_IN_FRAMEWORK_HEADER = YES;
				CLANG_WARN_RANGE_LOOP_ANALYSIS = YES;
				CLANG_WARN_STRICT_PROTOTYPES = YES;
				CLANG_WARN_SUSPICIOUS_MOVE = YES;
				CLANG_WARN_UNGUARDED_AVAILABILITY = YES_AGGRESSIVE;
				CLANG_WARN_UNREACHABLE_CODE = YES;
				CLANG_WARN__DUPLICATE_METHOD_MATCH = YES;
				COPY_PHASE_STRIP = NO;
				DEBUG_INFORMATION_FORMAT = dwarf;
				ENABLE_STRICT_OBJC_MSGSEND = YES;
				ENABLE_TESTABILITY = YES;
				GCC_C_LANGUAGE_STANDARD = gnu11;
				GCC_DYNAMIC_NO_PIC = NO;
				GCC_NO_COMMON_BLOCKS = YES;
				GCC_OPTIMIZATION_LEVEL = 0;
				GCC_PREPROCESSOR_DEFINITIONS = (
					"DEBUG=1",
					"$(inherited)",
				);
				GCC_WARN_64_TO_32_BIT_CONVERSION = YES;
				GCC_WARN_ABOUT_RETURN_TYPE = YES_ERROR;
				GCC_WARN_UNDECLARED_SELECTOR = YES;
				GCC_WARN_UNINITIALIZED_AUTOS = YES_AGGRESSIVE;
				GCC_WARN_UNUSED_FUNCTION = YES;
				GCC_WARN_UNUSED_VARIABLE = YES;
				IPHONEOS_DEPLOYMENT_TARGET = 15.2;
				MTL_ENABLE_DEBUG_INFO = INCLUDE_SOURCE;
				MTL_FAST_MATH = YES;
				ONLY_ACTIVE_ARCH = YES;
				SDKROOT = iphoneos;
				SWIFT_ACTIVE_COMPILATION_CONDITIONS = DEBUG;
				SWIFT_OPTIMIZATION_LEVEL = "-Onone";
			};
			name = Debug;
		};
		0C7C06DF2A22949500812D55 /* Release */ = {
			isa = XCBuildConfiguration;
			buildSettings = {
				ALWAYS_SEARCH_USER_PATHS = NO;
				CLANG_ANALYZER_NONNULL = YES;
				CLANG_ANALYZER_NUMBER_OBJECT_CONVERSION = YES_AGGRESSIVE;
				CLANG_CXX_LANGUAGE_STANDARD = "gnu++17";
				CLANG_CXX_LIBRARY = "libc++";
				CLANG_ENABLE_MODULES = YES;
				CLANG_ENABLE_OBJC_ARC = YES;
				CLANG_ENABLE_OBJC_WEAK = YES;
				CLANG_WARN_BLOCK_CAPTURE_AUTORELEASING = YES;
				CLANG_WARN_BOOL_CONVERSION = YES;
				CLANG_WARN_COMMA = YES;
				CLANG_WARN_CONSTANT_CONVERSION = YES;
				CLANG_WARN_DEPRECATED_OBJC_IMPLEMENTATIONS = YES;
				CLANG_WARN_DIRECT_OBJC_ISA_USAGE = YES_ERROR;
				CLANG_WARN_DOCUMENTATION_COMMENTS = YES;
				CLANG_WARN_EMPTY_BODY = YES;
				CLANG_WARN_ENUM_CONVERSION = YES;
				CLANG_WARN_INFINITE_RECURSION = YES;
				CLANG_WARN_INT_CONVERSION = YES;
				CLANG_WARN_NON_LITERAL_NULL_CONVERSION = YES;
				CLANG_WARN_OBJC_IMPLICIT_RETAIN_SELF = YES;
				CLANG_WARN_OBJC_LITERAL_CONVERSION = YES;
				CLANG_WARN_OBJC_ROOT_CLASS = YES_ERROR;
				CLANG_WARN_QUOTED_INCLUDE_IN_FRAMEWORK_HEADER = YES;
				CLANG_WARN_RANGE_LOOP_ANALYSIS = YES;
				CLANG_WARN_STRICT_PROTOTYPES = YES;
				CLANG_WARN_SUSPICIOUS_MOVE = YES;
				CLANG_WARN_UNGUARDED_AVAILABILITY = YES_AGGRESSIVE;
				CLANG_WARN_UNREACHABLE_CODE = YES;
				CLANG_WARN__DUPLICATE_METHOD_MATCH = YES;
				COPY_PHASE_STRIP = NO;
				DEBUG_INFORMATION_FORMAT = "dwarf-with-dsym";
				ENABLE_NS_ASSERTIONS = NO;
				ENABLE_STRICT_OBJC_MSGSEND = YES;
				GCC_C_LANGUAGE_STANDARD = gnu11;
				GCC_NO_COMMON_BLOCKS = YES;
				GCC_WARN_64_TO_32_BIT_CONVERSION = YES;
				GCC_WARN_ABOUT_RETURN_TYPE = YES_ERROR;
				GCC_WARN_UNDECLARED_SELECTOR = YES;
				GCC_WARN_UNINITIALIZED_AUTOS = YES_AGGRESSIVE;
				GCC_WARN_UNUSED_FUNCTION = YES;
				GCC_WARN_UNUSED_VARIABLE = YES;
				IPHONEOS_DEPLOYMENT_TARGET = 15.2;
				MTL_ENABLE_DEBUG_INFO = NO;
				MTL_FAST_MATH = YES;
				SDKROOT = iphoneos;
				SWIFT_COMPILATION_MODE = wholemodule;
				SWIFT_OPTIMIZATION_LEVEL = "-O";
				VALIDATE_PRODUCT = YES;
			};
			name = Release;
		};
		0C7C06E12A22949500812D55 /* Debug */ = {
			isa = XCBuildConfiguration;
			baseConfigurationReference = 8F5A8EAB640E6192757F437A /* Pods-TestApp2305.debug.xcconfig */;
			buildSettings = {
				ASSETCATALOG_COMPILER_APPICON_NAME = AppIcon;
				ASSETCATALOG_COMPILER_GLOBAL_ACCENT_COLOR_NAME = AccentColor;
				CODE_SIGN_STYLE = Automatic;
				CURRENT_PROJECT_VERSION = 1;
				DEVELOPMENT_ASSET_PATHS = "\"TestApp2305/Preview Content\"";
				DEVELOPMENT_TEAM = 4489L2KK72;
				ENABLE_PREVIEWS = YES;
				GENERATE_INFOPLIST_FILE = YES;
				INFOPLIST_KEY_UIApplicationSceneManifest_Generation = YES;
				INFOPLIST_KEY_UIApplicationSupportsIndirectInputEvents = YES;
				INFOPLIST_KEY_UILaunchScreen_Generation = YES;
				INFOPLIST_KEY_UISupportedInterfaceOrientations_iPad = "UIInterfaceOrientationPortrait UIInterfaceOrientationPortraitUpsideDown UIInterfaceOrientationLandscapeLeft UIInterfaceOrientationLandscapeRight";
				INFOPLIST_KEY_UISupportedInterfaceOrientations_iPhone = "UIInterfaceOrientationPortrait UIInterfaceOrientationLandscapeLeft UIInterfaceOrientationLandscapeRight";
				LD_RUNPATH_SEARCH_PATHS = (
					"$(inherited)",
					"@executable_path/Frameworks",
				);
				MARKETING_VERSION = 1.0;
				PRODUCT_BUNDLE_IDENTIFIER = "kouhei-matsumoto.TestApp2305";
				PRODUCT_NAME = "$(TARGET_NAME)";
				SWIFT_EMIT_LOC_STRINGS = YES;
				SWIFT_VERSION = 5.0;
				TARGETED_DEVICE_FAMILY = "1,2";
			};
			name = Debug;
		};
		0C7C06E22A22949500812D55 /* Release */ = {
			isa = XCBuildConfiguration;
			baseConfigurationReference = A4B764C9A3876C761EF538DB /* Pods-TestApp2305.release.xcconfig */;
			buildSettings = {
				ASSETCATALOG_COMPILER_APPICON_NAME = AppIcon;
				ASSETCATALOG_COMPILER_GLOBAL_ACCENT_COLOR_NAME = AccentColor;
				CODE_SIGN_STYLE = Automatic;
				CURRENT_PROJECT_VERSION = 1;
				DEVELOPMENT_ASSET_PATHS = "\"TestApp2305/Preview Content\"";
				DEVELOPMENT_TEAM = 4489L2KK72;
				ENABLE_PREVIEWS = YES;
				GENERATE_INFOPLIST_FILE = YES;
				INFOPLIST_KEY_UIApplicationSceneManifest_Generation = YES;
				INFOPLIST_KEY_UIApplicationSupportsIndirectInputEvents = YES;
				INFOPLIST_KEY_UILaunchScreen_Generation = YES;
				INFOPLIST_KEY_UISupportedInterfaceOrientations_iPad = "UIInterfaceOrientationPortrait UIInterfaceOrientationPortraitUpsideDown UIInterfaceOrientationLandscapeLeft UIInterfaceOrientationLandscapeRight";
				INFOPLIST_KEY_UISupportedInterfaceOrientations_iPhone = "UIInterfaceOrientationPortrait UIInterfaceOrientationLandscapeLeft UIInterfaceOrientationLandscapeRight";
				LD_RUNPATH_SEARCH_PATHS = (
					"$(inherited)",
					"@executable_path/Frameworks",
				);
				MARKETING_VERSION = 1.0;
				PRODUCT_BUNDLE_IDENTIFIER = "kouhei-matsumoto.TestApp2305";
				PRODUCT_NAME = "$(TARGET_NAME)";
				SWIFT_EMIT_LOC_STRINGS = YES;
				SWIFT_VERSION = 5.0;
				TARGETED_DEVICE_FAMILY = "1,2";
			};
			name = Release;
		};
/* End XCBuildConfiguration section */

/* Begin XCConfigurationList section */
		0C7C06CD2A22949400812D55 /* Build configuration list for PBXProject "TestApp2305" */ = {
			isa = XCConfigurationList;
			buildConfigurations = (
				0C7C06DE2A22949500812D55 /* Debug */,
				0C7C06DF2A22949500812D55 /* Release */,
			);
			defaultConfigurationIsVisible = 0;
			defaultConfigurationName = Release;
		};
		0C7C06E02A22949500812D55 /* Build configuration list for PBXNativeTarget "TestApp2305" */ = {
			isa = XCConfigurationList;
			buildConfigurations = (
				0C7C06E12A22949500812D55 /* Debug */,
				0C7C06E22A22949500812D55 /* Release */,
			);
			defaultConfigurationIsVisible = 0;
			defaultConfigurationName = Release;
		};
/* End XCConfigurationList section */
	};
	rootObject = 0C7C06CA2A22949400812D55 /* Project object */;
}
